
Microsoft Visual Studio Solution File, Format Version 12.00
# Visual Studio Version 17
VisualStudioVersion = 17.1.32328.378
MinimumVisualStudioVersion = 10.0.40219.1
Project("{FAE04EC0-301F-11D3-BF4B-00C04F79EFBC}") = "Modul9_1302204043", "Modul9_1302204043\Modul9_1302204043.csproj", "{21FED19D-60A6-400B-B60A-0DB479ECFA21}"
EndProject
Project("{FAE04EC0-301F-11D3-BF4B-00C04F79EFBC}") = "MatematikaLibraries", "MatematikaLibraries\MatematikaLibraries.csproj", "{426ABC8E-4BC4-4283-BDCC-96C122EFC578}"
EndProject
Global
	GlobalSection(SolutionConfigurationPlatforms) = preSolution
		Debug|Any CPU = Debug|Any CPU
		Release|Any CPU = Release|Any CPU
	EndGlobalSection
	GlobalSection(ProjectConfigurationPlatforms) = postSolution
		{21FED19D-60A6-400B-B60A-0DB479ECFA21}.Debug|Any CPU.ActiveCfg = Debug|Any CPU
		{21FED19D-60A6-400B-B60A-0DB479ECFA21}.Debug|Any CPU.Build.0 = Debug|Any CPU
		{21FED19D-60A6-400B-B60A-0DB479ECFA21}.Release|Any CPU.ActiveCfg = Release|Any CPU
		{21FED19D-60A6-400B-B60A-0DB479ECFA21}.Release|Any CPU.Build.0 = Release|Any CPU
		{426ABC8E-4BC4-4283-BDCC-96C122EFC578}.Debug|Any CPU.ActiveCfg = Debug|Any CPU
		{426ABC8E-4BC4-4283-BDCC-96C122EFC578}.Debug|Any CPU.Build.0 = Debug|Any CPU
		{426ABC8E-4BC4-4283-BDCC-96C122EFC578}.Release|Any CPU.ActiveCfg = Release|Any CPU
		{426ABC8E-4BC4-4283-BDCC-96C122EFC578}.Release|Any CPU.Build.0 = Release|Any CPU
	EndGlobalSection
	GlobalSection(SolutionProperties) = preSolution
		HideSolutionNode = FALSE
	EndGlobalSection
	GlobalSection(ExtensibilityGlobals) = postSolution
		SolutionGuid = {60B604DD-F0AB-4AA8-9164-9522A84C02BD}
	EndGlobalSection
EndGlobal
